{
  "name": "ers-prom",
  "version": "1.0.1",
  "lockfileVersion": 1,
  "requires": true,
  "dependencies": {
    "bintrees": {
      "version": "1.0.1",
      "resolved": "https://registry.npmjs.org/bintrees/-/bintrees-1.0.1.tgz",
      "integrity": "sha1-DmVcm5wkNeqraL9AJyJtK1WjRSQ="
    },
    "consul": {
      "version": "0.34.1",
      "resolved": "https://registry.npmjs.org/consul/-/consul-0.34.1.tgz",
      "integrity": "sha512-xCLBzPQBgnDgC2LdYnrT/Fc6PglRU6u7EBkpW0ExAx3Am/CdtKcP5o/3jfwOy7PBAwBqnJk3AYdwwGg+arriiQ==",
      "requires": {
        "papi": "^0.29.0"
      }
    },
    "ee-first": {
      "version": "1.1.1",
      "resolved": "https://registry.npmjs.org/ee-first/-/ee-first-1.1.1.tgz",
      "integrity": "sha1-WQxhFWsK4vTwJVcyoViyZrxWsh0="
    },
    "on-finished": {
      "version": "2.3.0",
      "resolved": "https://registry.npmjs.org/on-finished/-/on-finished-2.3.0.tgz",
      "integrity": "sha1-IPEzZIGwg811M3mSoWlxqi2QaUc=",
      "requires": {
        "ee-first": "1.1.1"
      }
    },
    "papi": {
      "version": "0.29.1",
      "resolved": "https://registry.npmjs.org/papi/-/papi-0.29.1.tgz",
      "integrity": "sha512-Y9ipSMfWuuVFO3zY9PlxOmEg+bQ7CeJ28sa9/a0veYNynLf9fwjR3+3fld5otEy7okUaEOUuCHVH62MyTmACXQ=="
    },
    "prom-client": {
      "version": "11.5.3",
      "resolved": "https://registry.npmjs.org/prom-client/-/prom-client-11.5.3.tgz",
      "integrity": "sha512-iz22FmTbtkyL2vt0MdDFY+kWof+S9UB/NACxSn2aJcewtw+EERsen0urSkZ2WrHseNdydsvcxCTAnPcSMZZv4Q==",
      "requires": {
        "tdigest": "^0.1.1"
      }
    },
    "tdigest": {
      "version": "0.1.1",
      "resolved": "https://registry.npmjs.org/tdigest/-/tdigest-0.1.1.tgz",
      "integrity": "sha1-Ljyyw56kSeVdHmzZEReszKRYgCE=",
      "requires": {
        "bintrees": "1.0.1"
      }
    }
  }
}
